
Microsoft Visual Studio Solution File, Format Version 12.00
# Visual Studio Version 16
VisualStudioVersion = 16.0.31515.178
MinimumVisualStudioVersion = 10.0.40219.1
Project("{FAE04EC0-301F-11D3-BF4B-00C04F79EFBC}") = "semana11Tarea", "semana11Tarea\semana11Tarea.csproj", "{C1568961-5F63-40B8-A82A-E620A2389023}"
EndProject
Global
	GlobalSection(SolutionConfigurationPlatforms) = preSolution
		Debug|Any CPU = Debug|Any CPU
		Release|Any CPU = Release|Any CPU
	EndGlobalSection
	GlobalSection(ProjectConfigurationPlatforms) = postSolution
		{C1568961-5F63-40B8-A82A-E620A2389023}.Debug|Any CPU.ActiveCfg = Debug|Any CPU
		{C1568961-5F63-40B8-A82A-E620A2389023}.Debug|Any CPU.Build.0 = Debug|Any CPU
		{C1568961-5F63-40B8-A82A-E620A2389023}.Release|Any CPU.ActiveCfg = Release|Any CPU
		{C1568961-5F63-40B8-A82A-E620A2389023}.Release|Any CPU.Build.0 = Release|Any CPU
	EndGlobalSection
	GlobalSection(SolutionProperties) = preSolution
		HideSolutionNode = FALSE
	EndGlobalSection
	GlobalSection(ExtensibilityGlobals) = postSolution
		SolutionGuid = {E9863092-DE8C-449F-807F-72C399FB2D00}
	EndGlobalSection
EndGlobal
